{
  "version": 4,
  "terraform_version": "1.15.7",
  "serial": 465,
  "lineage": "61c44131-62e0-a0a8-03ff-d0d96e5079ef",
  "outputs": {},
  "resources": [
    {
      "mode": "managed",
      "type": "local_file",
      "name": "ansible_inventory",
      "provider": "provider[\"registry.terraform.io/hashicorp/local\"]",
      "instances": [
        {
          "schema_version": 0,
          "attributes": {
            "content": "# Inventário de TESTE gerado automaticamente pelo Terraform — não editar\n\n[todas_as_vms]\n    SW1 ansible_host=192.168.10.106 ansible_user=ubuntu ansible_ssh_private_key_file=/root/.ssh/labredes_key mac_net0=fa:16:3e:29:3c:61 mac_net1=fa:16:3e:c6:05:ab mac_net2=fa:16:3e:9c:c4:89 mac_net3=fa:16:3e:18:23:5b mac_net4=fa:16:3e:ce:fd:7e mac_net5=fa:16:3e:c5:1f:b9 mac_net6=fa:16:3e:18:8f:1f mac_net7=fa:16:3e:4c:c2:cb mac_net8=fa:16:3e:8c:9f:4e\n    SW2 ansible_host=192.168.10.197 ansible_user=ubuntu ansible_ssh_private_key_file=/root/.ssh/labredes_key mac_net0=fa:16:3e:2f:dc:77 mac_net1=fa:16:3e:8e:fb:eb mac_net2=fa:16:3e:d2:05:27 mac_net3=fa:16:3e:9a:76:7a mac_net4=fa:16:3e:d3:a2:7d mac_net5=fa:16:3e:5f:0d:90 mac_net6=fa:16:3e:42:06:2d mac_net7=fa:16:3e:85:ea:5c\n    VM1 ansible_host=192.168.10.188 ansible_user=ubuntu ansible_ssh_private_key_file=/root/.ssh/labredes_key mac_net0=fa:16:3e:e0:5f:66 mac_net1=fa:16:3e:93:ed:01\n    VM11 ansible_host=192.168.10.139 ansible_user=ubuntu ansible_ssh_private_key_file=/root/.ssh/labredes_key mac_net0=fa:16:3e:a1:21:7b mac_net1=fa:16:3e:57:ac:f2 mac_net2=fa:16:3e:9f:3a:76\n    VM2 ansible_host=192.168.10.112 ansible_user=ubuntu ansible_ssh_private_key_file=/root/.ssh/labredes_key mac_net0=fa:16:3e:6f:b6:ed mac_net1=fa:16:3e:1e:c4:c8\n    VM3 ansible_host=192.168.10.102 ansible_user=ubuntu ansible_ssh_private_key_file=/root/.ssh/labredes_key mac_net0=fa:16:3e:87:44:16 mac_net1=fa:16:3e:53:a9:c1\n    VM4 ansible_host=192.168.10.118 ansible_user=ubuntu ansible_ssh_private_key_file=/root/.ssh/labredes_key mac_net0=fa:16:3e:5e:b4:61 mac_net1=fa:16:3e:b5:b2:9c mac_net2=fa:16:3e:cc:7b:9e mac_net3=fa:16:3e:f9:ed:44\n    VM6 ansible_host=192.168.10.141 ansible_user=ubuntu ansible_ssh_private_key_file=/root/.ssh/labredes_key mac_net0=fa:16:3e:13:dc:a0 mac_net1=fa:16:3e:87:ec:3c\n    VM7 ansible_host=192.168.10.142 ansible_user=ubuntu ansible_ssh_private_key_file=/root/.ssh/labredes_key mac_net0=fa:16:3e:94:da:fc mac_net1=fa:16:3e:98:ec:40\n    VM9 ansible_host=192.168.10.150 ansible_user=ubuntu ansible_ssh_private_key_file=/root/.ssh/labredes_key mac_net0=fa:16:3e:fe:44:03 mac_net1=fa:16:3e:bc:89:10\n    VM_DEV ansible_host=192.168.10.191 ansible_user=ubuntu ansible_ssh_private_key_file=/root/.ssh/labredes_key mac_net0=fa:16:3e:da:e8:4d mac_net1=fa:16:3e:b2:15:62\n    VM_USER1 ansible_host=192.168.10.116 ansible_user=ubuntu ansible_ssh_private_key_file=/root/.ssh/labredes_key mac_net0=fa:16:3e:c3:ec:8e mac_net1=fa:16:3e:6f:78:3e\n    VM_USER2 ansible_host=192.168.10.160 ansible_user=ubuntu ansible_ssh_private_key_file=/root/.ssh/labredes_key mac_net0=fa:16:3e:d5:81:09 mac_net1=fa:16:3e:bd:f7:6d\n\n[SW1]\n        SW1 ansible_host=192.168.10.106 ansible_user=ubuntu ansible_ssh_private_key_file=/root/.ssh/labredes_key mac_net0=fa:16:3e:29:3c:61 mac_net1=fa:16:3e:c6:05:ab mac_net2=fa:16:3e:9c:c4:89 mac_net3=fa:16:3e:18:23:5b mac_net4=fa:16:3e:ce:fd:7e mac_net5=fa:16:3e:c5:1f:b9 mac_net6=fa:16:3e:18:8f:1f mac_net7=fa:16:3e:4c:c2:cb mac_net8=fa:16:3e:8c:9f:4e\n                                                                                                    \n[SW2]\n                SW2 ansible_host=192.168.10.197 ansible_user=ubuntu ansible_ssh_private_key_file=/root/.ssh/labredes_key mac_net0=fa:16:3e:2f:dc:77 mac_net1=fa:16:3e:8e:fb:eb mac_net2=fa:16:3e:d2:05:27 mac_net3=fa:16:3e:9a:76:7a mac_net4=fa:16:3e:d3:a2:7d mac_net5=fa:16:3e:5f:0d:90 mac_net6=fa:16:3e:42:06:2d mac_net7=fa:16:3e:85:ea:5c\n                                                                                            \n[VM1]\n                        VM1 ansible_host=192.168.10.188 ansible_user=ubuntu ansible_ssh_private_key_file=/root/.ssh/labredes_key mac_net0=fa:16:3e:e0:5f:66 mac_net1=fa:16:3e:93:ed:01\n                                                                                    \n[VM2]\n                                        VM2 ansible_host=192.168.10.112 ansible_user=ubuntu ansible_ssh_private_key_file=/root/.ssh/labredes_key mac_net0=fa:16:3e:6f:b6:ed mac_net1=fa:16:3e:1e:c4:c8\n                                                                    \n[VM3]\n                                                VM3 ansible_host=192.168.10.102 ansible_user=ubuntu ansible_ssh_private_key_file=/root/.ssh/labredes_key mac_net0=fa:16:3e:87:44:16 mac_net1=fa:16:3e:53:a9:c1\n                                                            \n[VM4]\n                                                        VM4 ansible_host=192.168.10.118 ansible_user=ubuntu ansible_ssh_private_key_file=/root/.ssh/labredes_key mac_net0=fa:16:3e:5e:b4:61 mac_net1=fa:16:3e:b5:b2:9c mac_net2=fa:16:3e:cc:7b:9e mac_net3=fa:16:3e:f9:ed:44\n                                                    \n[VM6]\n                                                                VM6 ansible_host=192.168.10.141 ansible_user=ubuntu ansible_ssh_private_key_file=/root/.ssh/labredes_key mac_net0=fa:16:3e:13:dc:a0 mac_net1=fa:16:3e:87:ec:3c\n                                            \n[VM7]\n                                                                        VM7 ansible_host=192.168.10.142 ansible_user=ubuntu ansible_ssh_private_key_file=/root/.ssh/labredes_key mac_net0=fa:16:3e:94:da:fc mac_net1=fa:16:3e:98:ec:40\n                                    \n[VM9]\n                                                                                VM9 ansible_host=192.168.10.150 ansible_user=ubuntu ansible_ssh_private_key_file=/root/.ssh/labredes_key mac_net0=fa:16:3e:fe:44:03 mac_net1=fa:16:3e:bc:89:10\n                            \n[VM11]\n                                VM11 ansible_host=192.168.10.139 ansible_user=ubuntu ansible_ssh_private_key_file=/root/.ssh/labredes_key mac_net0=fa:16:3e:a1:21:7b mac_net1=fa:16:3e:57:ac:f2 mac_net2=fa:16:3e:9f:3a:76\n                                                                            \n[VM_DEV]\n                                                                                        VM_DEV ansible_host=192.168.10.191 ansible_user=ubuntu ansible_ssh_private_key_file=/root/.ssh/labredes_key mac_net0=fa:16:3e:da:e8:4d mac_net1=fa:16:3e:b2:15:62\n                    \n[VM_USER1]\n                                                                                                VM_USER1 ansible_host=192.168.10.116 ansible_user=ubuntu ansible_ssh_private_key_file=/root/.ssh/labredes_key mac_net0=fa:16:3e:c3:ec:8e mac_net1=fa:16:3e:6f:78:3e\n            \n[VM_USER2]\n                                                                                                        VM_USER2 ansible_host=192.168.10.160 ansible_user=ubuntu ansible_ssh_private_key_file=/root/.ssh/labredes_key mac_net0=fa:16:3e:d5:81:09 mac_net1=fa:16:3e:bd:f7:6d\n    \n[switches:children]\nSW1\nSW2\n",
            "content_base64": null,
            "content_base64sha256": "4ExTYBkloQ1CmyGMm/5OnEf53DMFDU+MOgz5LuKBYzI=",
            "content_base64sha512": "/cwxjYWJZrGXGIPOFWhuJgezq5i8/yipd+cYw4vlnyp0RYkbB1BfHlXdRS/pXfXClnb2mot41kMaf1TlKSgObw==",
            "content_md5": "5134daa364fa77432c92dfa9ab10f3ba",
            "content_sha1": "ab81d0ce510bfcb1b85417a0d94e66c146c8c385",
            "content_sha256": "e04c53601925a10d429b218c9bfe4e9c47f9dc33050d4f8c3a0cf92ee2816332",
            "content_sha512": "fdcc318d858966b1971883ce15686e2607b3ab98bcff28a977e718c38be59f2a7445891b07505f1e55dd452fe95df5c29676f69a8b78d6431a7f54e529280e6f",
            "directory_permission": "0777",
            "file_permission": "0777",
            "filename": "/root/auto_deploy/ansible/hosts.ini",
            "id": "ab81d0ce510bfcb1b85417a0d94e66c146c8c385",
            "sensitive_content": null,
            "source": null
          },
          "sensitive_attributes": [
            [
              {
                "type": "get_attr",
                "value": "sensitive_content"
              }
            ]
          ],
          "identity_schema_version": 0,
          "dependencies": [
            "openstack_compute_instance_v2.vms_labredes"
          ]
        }
      ]
    },
    {
      "mode": "managed",
      "type": "openstack_compute_instance_v2",
      "name": "vms_labredes",
      "provider": "provider[\"registry.terraform.io/terraform-provider-openstack/openstack\"]",
      "instances": [
        {
          "index_key": "sw1",
          "schema_version": 0,
          "attributes": {
            "access_ip_v4": "192.168.10.106",
            "access_ip_v6": "",
            "admin_pass": null,
            "all_metadata": {},
            "all_tags": [],
            "availability_zone": "nova",
            "availability_zone_hints": null,
            "block_device": [],
            "config_drive": null,
            "created": "2026-07-07 20:11:01 +0000 UTC",
            "flavor_id": "ac73a337-a746-4e7c-969f-4c6a3fa889dc",
            "flavor_name": "minor.pico.large",
            "floating_ip": null,
            "force_delete": false,
            "id": "d6bfcbf6-6ef0-43f2-9a09-16886f8d0646",
            "image_id": "f7ca5526-1dc7-4207-adff-3178b7c5e581",
            "image_name": "Ubuntu 24.04",
            "key_pair": "labredes_key",
            "metadata": null,
            "name": "SW1",
            "network": [
              {
                "access_network": false,
                "fixed_ip_v4": "192.168.10.106",
                "fixed_ip_v6": "",
                "floating_ip": "",
                "mac": "fa:16:3e:29:3c:61",
                "name": "labredes1",
                "port": "",
                "uuid": "2c1a23f8-031d-48ca-aaea-c453547a0fa5"
              },
              {
                "access_network": false,
                "fixed_ip_v4": "10.99.251.121",
                "fixed_ip_v6": "",
                "floating_ip": "",
                "mac": "fa:16:3e:c6:05:ab",
                "name": "FIREWALL_1-teste",
                "port": "",
                "uuid": "5d916438-8e4c-44e9-b3bb-62041e707ba3"
              },
              {
                "access_network": false,
                "fixed_ip_v4": "10.99.70.201",
                "fixed_ip_v6": "",
                "floating_ip": "",
                "mac": "fa:16:3e:9c:c4:89",
                "name": "TRUNK_INTER_SW-teste",
                "port": "",
                "uuid": "d140fb2e-7b3d-41e4-84c3-ea1488f552a6"
              },
              {
                "access_network": false,
                "fixed_ip_v4": "10.99.41.229",
                "fixed_ip_v6": "",
                "floating_ip": "",
                "mac": "fa:16:3e:18:23:5b",
                "name": "VLAN40_CAP.TRAF1-teste",
                "port": "",
                "uuid": "b6a7a0a7-11d9-4636-8500-e3bbf9a36d33"
              },
              {
                "access_network": false,
                "fixed_ip_v4": "10.99.10.86",
                "fixed_ip_v6": "",
                "floating_ip": "",
                "mac": "fa:16:3e:ce:fd:7e",
                "name": "VLAN10_AUTENTICACAO-teste",
                "port": "",
                "uuid": "d2305438-655c-42bc-86c1-412eac6021e8"
              },
              {
                "access_network": false,
                "fixed_ip_v4": "10.99.40.33",
                "fixed_ip_v6": "",
                "floating_ip": "",
                "mac": "fa:16:3e:c5:1f:b9",
                "name": "VLAN40_DESCOB.HOSTS-teste",
                "port": "",
                "uuid": "fe4553b0-51ed-42fa-82af-8dd6934bee76"
              },
              {
                "access_network": false,
                "fixed_ip_v4": "10.99.50.129",
                "fixed_ip_v6": "",
                "floating_ip": "",
                "mac": "fa:16:3e:18:8f:1f",
                "name": "VLAN50_DEV-teste",
                "port": "",
                "uuid": "44d4f83a-7010-4e53-9521-3109bcd9dab0"
              },
              {
                "access_network": false,
                "fixed_ip_v4": "10.99.60.97",
                "fixed_ip_v6": "",
                "floating_ip": "",
                "mac": "fa:16:3e:4c:c2:cb",
                "name": "VLAN60_USER-teste",
                "port": "",
                "uuid": "f0d7e928-56e1-4dd5-95d4-5a4ba6c24e4a"
              },
              {
                "access_network": false,
                "fixed_ip_v4": "10.99.44.50",
                "fixed_ip_v6": "",
                "floating_ip": "",
                "mac": "fa:16:3e:8c:9f:4e",
                "name": "VLAN40_CAPT_TRAFE-teste",
                "port": "",
                "uuid": "b7ca04c7-cdef-4403-846d-aee551267244"
              }
            ],
            "network_mode": null,
            "personality": [],
            "power_state": "active",
            "region": "RegionOne",
            "scheduler_hints": [],
            "security_groups": [
              "clear",
              "default"
            ],
            "stop_before_destroy": false,
            "tags": null,
            "timeouts": null,
            "updated": "2026-07-07 20:13:26 +0000 UTC",
            "user_data": null,
            "vendor_options": [],
            "volume": []
          },
          "sensitive_attributes": [
            [
              {
                "type": "get_attr",
                "value": "admin_pass"
              }
            ]
          ],
          "identity_schema_version": 0,
          "private": "eyJlMmJmYjczMC1lY2FhLTExZTYtOGY4OC0zNDM2M2JjN2M0YzAiOnsiY3JlYXRlIjoxODAwMDAwMDAwMDAwLCJkZWxldGUiOjE4MDAwMDAwMDAwMDAsInVwZGF0ZSI6MTgwMDAwMDAwMDAwMH19"
        },
        {
          "index_key": "sw2",
          "schema_version": 0,
          "attributes": {
            "access_ip_v4": "192.168.10.197",
            "access_ip_v6": "",
            "admin_pass": null,
            "all_metadata": {},
            "all_tags": [],
            "availability_zone": "nova",
            "availability_zone_hints": null,
            "block_device": [],
            "config_drive": null,
            "created": "2026-07-07 20:10:58 +0000 UTC",
            "flavor_id": "ac73a337-a746-4e7c-969f-4c6a3fa889dc",
            "flavor_name": "minor.pico.large",
            "floating_ip": null,
            "force_delete": false,
            "id": "37f5c3ef-4e96-4a03-b6f9-1c8547d6c523",
            "image_id": "f7ca5526-1dc7-4207-adff-3178b7c5e581",
            "image_name": "Ubuntu 24.04",
            "key_pair": "labredes_key",
            "metadata": null,
            "name": "SW2",
            "network": [
              {
                "access_network": false,
                "fixed_ip_v4": "192.168.10.197",
                "fixed_ip_v6": "",
                "floating_ip": "",
                "mac": "fa:16:3e:2f:dc:77",
                "name": "labredes1",
                "port": "",
                "uuid": "2c1a23f8-031d-48ca-aaea-c453547a0fa5"
              },
              {
                "access_network": false,
                "fixed_ip_v4": "10.99.252.173",
                "fixed_ip_v6": "",
                "floating_ip": "",
                "mac": "fa:16:3e:8e:fb:eb",
                "name": "FIREWALL_2-teste",
                "port": "",
                "uuid": "1b62894e-8c8c-4b88-aa24-c85e4b5d0e57"
              },
              {
                "access_network": false,
                "fixed_ip_v4": "10.99.70.104",
                "fixed_ip_v6": "",
                "floating_ip": "",
                "mac": "fa:16:3e:d2:05:27",
                "name": "TRUNK_INTER_SW-teste",
                "port": "",
                "uuid": "d140fb2e-7b3d-41e4-84c3-ea1488f552a6"
              },
              {
                "access_network": false,
                "fixed_ip_v4": "10.99.42.164",
                "fixed_ip_v6": "",
                "floating_ip": "",
                "mac": "fa:16:3e:9a:76:7a",
                "name": "VLAN40_CAP.TRAF2-teste",
                "port": "",
                "uuid": "226ed10a-537e-4bf5-8120-ee9353d9642d"
              },
              {
                "access_network": false,
                "fixed_ip_v4": "10.99.20.102",
                "fixed_ip_v6": "",
                "floating_ip": "",
                "mac": "fa:16:3e:d3:a2:7d",
                "name": "VLAN20_SERVER-teste",
                "port": "",
                "uuid": "2aad7857-163c-4cb6-84b6-0bf5f1d0e952"
              },
              {
                "access_network": false,
                "fixed_ip_v4": "10.99.30.88",
                "fixed_ip_v6": "",
                "floating_ip": "",
                "mac": "fa:16:3e:5f:0d:90",
                "name": "VLAN30_DASH-teste",
                "port": "",
                "uuid": "78173b2b-1fd2-490c-92cb-ad2af7d5856f"
              },
              {
                "access_network": false,
                "fixed_ip_v4": "10.99.43.231",
                "fixed_ip_v6": "",
                "floating_ip": "",
                "mac": "fa:16:3e:42:06:2d",
                "name": "VLAN40_SIST.ALERT.-teste",
                "port": "",
                "uuid": "d57c09a7-e212-4b27-a370-f5536c4356d7"
              },
              {
                "access_network": false,
                "fixed_ip_v4": "10.99.60.17",
                "fixed_ip_v6": "",
                "floating_ip": "",
                "mac": "fa:16:3e:85:ea:5c",
                "name": "VLAN60_USER-teste",
                "port": "",
                "uuid": "f0d7e928-56e1-4dd5-95d4-5a4ba6c24e4a"
              }
            ],
            "network_mode": null,
            "personality": [],
            "power_state": "active",
            "region": "RegionOne",
            "scheduler_hints": [],
            "security_groups": [
              "clear",
              "default"
            ],
            "stop_before_destroy": false,
            "tags": null,
            "timeouts": null,
            "updated": "2026-07-07 20:12:39 +0000 UTC",
            "user_data": null,
            "vendor_options": [],
            "volume": []
          },
          "sensitive_attributes": [
            [
              {
                "type": "get_attr",
                "value": "admin_pass"
              }
            ]
          ],
          "identity_schema_version": 0,
          "private": "eyJlMmJmYjczMC1lY2FhLTExZTYtOGY4OC0zNDM2M2JjN2M0YzAiOnsiY3JlYXRlIjoxODAwMDAwMDAwMDAwLCJkZWxldGUiOjE4MDAwMDAwMDAwMDAsInVwZGF0ZSI6MTgwMDAwMDAwMDAwMH19"
        },
        {
          "index_key": "vm1",
          "schema_version": 0,
          "attributes": {
            "access_ip_v4": "192.168.10.188",
            "access_ip_v6": "",
            "admin_pass": null,
            "all_metadata": {},
            "all_tags": [],
            "availability_zone": "nova",
            "availability_zone_hints": null,
            "block_device": [],
            "config_drive": null,
            "created": "2026-07-07 20:10:57 +0000 UTC",
            "flavor_id": "ac73a337-a746-4e7c-969f-4c6a3fa889dc",
            "flavor_name": "minor.pico.large",
            "floating_ip": null,
            "force_delete": false,
            "id": "93644fc8-f8ac-4134-977e-74cfa2b1271b",
            "image_id": "f7ca5526-1dc7-4207-adff-3178b7c5e581",
            "image_name": "Ubuntu 24.04",
            "key_pair": "labredes_key",
            "metadata": null,
            "name": "VM1",
            "network": [
              {
                "access_network": false,
                "fixed_ip_v4": "192.168.10.188",
                "fixed_ip_v6": "",
                "floating_ip": "",
                "mac": "fa:16:3e:e0:5f:66",
                "name": "labredes1",
                "port": "",
                "uuid": "2c1a23f8-031d-48ca-aaea-c453547a0fa5"
              },
              {
                "access_network": false,
                "fixed_ip_v4": "10.99.20.118",
                "fixed_ip_v6": "",
                "floating_ip": "",
                "mac": "fa:16:3e:93:ed:01",
                "name": "VLAN20_SERVER-teste",
                "port": "",
                "uuid": "2aad7857-163c-4cb6-84b6-0bf5f1d0e952"
              }
            ],
            "network_mode": null,
            "personality": [],
            "power_state": "active",
            "region": "RegionOne",
            "scheduler_hints": [],
            "security_groups": [
              "clear",
              "default"
            ],
            "stop_before_destroy": false,
            "tags": null,
            "timeouts": null,
            "updated": "2026-07-07 20:12:05 +0000 UTC",
            "user_data": null,
            "vendor_options": [],
            "volume": []
          },
          "sensitive_attributes": [
            [
              {
                "type": "get_attr",
                "value": "admin_pass"
              }
            ]
          ],
          "identity_schema_version": 0,
          "private": "eyJlMmJmYjczMC1lY2FhLTExZTYtOGY4OC0zNDM2M2JjN2M0YzAiOnsiY3JlYXRlIjoxODAwMDAwMDAwMDAwLCJkZWxldGUiOjE4MDAwMDAwMDAwMDAsInVwZGF0ZSI6MTgwMDAwMDAwMDAwMH19"
        },
        {
          "index_key": "vm11",
          "schema_version": 0,
          "attributes": {
            "access_ip_v4": "192.168.10.139",
            "access_ip_v6": "",
            "admin_pass": null,
            "all_metadata": {},
            "all_tags": [],
            "availability_zone": "nova",
            "availability_zone_hints": null,
            "block_device": [],
            "config_drive": null,
            "created": "2026-07-07 20:10:57 +0000 UTC",
            "flavor_id": "ac73a337-a746-4e7c-969f-4c6a3fa889dc",
            "flavor_name": "minor.pico.large",
            "floating_ip": null,
            "force_delete": false,
            "id": "d81c56f0-1485-440e-81f8-70365a5c13f4",
            "image_id": "f7ca5526-1dc7-4207-adff-3178b7c5e581",
            "image_name": "Ubuntu 24.04",
            "key_pair": "labredes_key",
            "metadata": null,
            "name": "VM11",
            "network": [
              {
                "access_network": false,
                "fixed_ip_v4": "192.168.10.139",
                "fixed_ip_v6": "",
                "floating_ip": "",
                "mac": "fa:16:3e:a1:21:7b",
                "name": "labredes1",
                "port": "",
                "uuid": "2c1a23f8-031d-48ca-aaea-c453547a0fa5"
              },
              {
                "access_network": false,
                "fixed_ip_v4": "10.99.251.98",
                "fixed_ip_v6": "",
                "floating_ip": "",
                "mac": "fa:16:3e:57:ac:f2",
                "name": "FIREWALL_1-teste",
                "port": "",
                "uuid": "5d916438-8e4c-44e9-b3bb-62041e707ba3"
              },
              {
                "access_network": false,
                "fixed_ip_v4": "10.99.252.87",
                "fixed_ip_v6": "",
                "floating_ip": "",
                "mac": "fa:16:3e:9f:3a:76",
                "name": "FIREWALL_2-teste",
                "port": "",
                "uuid": "1b62894e-8c8c-4b88-aa24-c85e4b5d0e57"
              }
            ],
            "network_mode": null,
            "personality": [],
            "power_state": "active",
            "region": "RegionOne",
            "scheduler_hints": [],
            "security_groups": [
              "clear",
              "default"
            ],
            "stop_before_destroy": false,
            "tags": null,
            "timeouts": null,
            "updated": "2026-07-07 20:12:34 +0000 UTC",
            "user_data": null,
            "vendor_options": [],
            "volume": []
          },
          "sensitive_attributes": [
            [
              {
                "type": "get_attr",
                "value": "admin_pass"
              }
            ]
          ],
          "identity_schema_version": 0,
          "private": "eyJlMmJmYjczMC1lY2FhLTExZTYtOGY4OC0zNDM2M2JjN2M0YzAiOnsiY3JlYXRlIjoxODAwMDAwMDAwMDAwLCJkZWxldGUiOjE4MDAwMDAwMDAwMDAsInVwZGF0ZSI6MTgwMDAwMDAwMDAwMH19"
        },
        {
          "index_key": "vm2",
          "schema_version": 0,
          "attributes": {
            "access_ip_v4": "192.168.10.112",
            "access_ip_v6": "",
            "admin_pass": null,
            "all_metadata": {},
            "all_tags": [],
            "availability_zone": "nova",
            "availability_zone_hints": null,
            "block_device": [],
            "config_drive": null,
            "created": "2026-07-07 20:12:10 +0000 UTC",
            "flavor_id": "ac73a337-a746-4e7c-969f-4c6a3fa889dc",
            "flavor_name": "minor.pico.large",
            "floating_ip": null,
            "force_delete": false,
            "id": "b260c47e-fe3d-4cd9-b3d2-8f9da4652e18",
            "image_id": "f7ca5526-1dc7-4207-adff-3178b7c5e581",
            "image_name": "Ubuntu 24.04",
            "key_pair": "labredes_key",
            "metadata": null,
            "name": "VM2",
            "network": [
              {
                "access_network": false,
                "fixed_ip_v4": "192.168.10.112",
                "fixed_ip_v6": "",
                "floating_ip": "",
                "mac": "fa:16:3e:6f:b6:ed",
                "name": "labredes1",
                "port": "",
                "uuid": "2c1a23f8-031d-48ca-aaea-c453547a0fa5"
              },
              {
                "access_network": false,
                "fixed_ip_v4": "10.99.30.186",
                "fixed_ip_v6": "",
                "floating_ip": "",
                "mac": "fa:16:3e:1e:c4:c8",
                "name": "VLAN30_DASH-teste",
                "port": "",
                "uuid": "78173b2b-1fd2-490c-92cb-ad2af7d5856f"
              }
            ],
            "network_mode": null,
            "personality": [],
            "power_state": "active",
            "region": "RegionOne",
            "scheduler_hints": [],
            "security_groups": [
              "clear",
              "default"
            ],
            "stop_before_destroy": false,
            "tags": null,
            "timeouts": null,
            "updated": "2026-07-07 20:13:16 +0000 UTC",
            "user_data": null,
            "vendor_options": [],
            "volume": []
          },
          "sensitive_attributes": [
            [
              {
                "type": "get_attr",
                "value": "admin_pass"
              }
            ]
          ],
          "identity_schema_version": 0,
          "private": "eyJlMmJmYjczMC1lY2FhLTExZTYtOGY4OC0zNDM2M2JjN2M0YzAiOnsiY3JlYXRlIjoxODAwMDAwMDAwMDAwLCJkZWxldGUiOjE4MDAwMDAwMDAwMDAsInVwZGF0ZSI6MTgwMDAwMDAwMDAwMH19"
        },
        {
          "index_key": "vm3",
          "schema_version": 0,
          "attributes": {
            "access_ip_v4": "192.168.10.102",
            "access_ip_v6": "",
            "admin_pass": null,
            "all_metadata": {},
            "all_tags": [],
            "availability_zone": "nova",
            "availability_zone_hints": null,
            "block_device": [],
            "config_drive": null,
            "created": "2026-07-07 20:10:58 +0000 UTC",
            "flavor_id": "ac73a337-a746-4e7c-969f-4c6a3fa889dc",
            "flavor_name": "minor.pico.large",
            "floating_ip": null,
            "force_delete": false,
            "id": "dbe13aba-64cf-44c1-bd97-a3aed70708b7",
            "image_id": "f7ca5526-1dc7-4207-adff-3178b7c5e581",
            "image_name": "Ubuntu 24.04",
            "key_pair": "labredes_key",
            "metadata": null,
            "name": "VM3",
            "network": [
              {
                "access_network": false,
                "fixed_ip_v4": "192.168.10.102",
                "fixed_ip_v6": "",
                "floating_ip": "",
                "mac": "fa:16:3e:87:44:16",
                "name": "labredes1",
                "port": "",
                "uuid": "2c1a23f8-031d-48ca-aaea-c453547a0fa5"
              },
              {
                "access_network": false,
                "fixed_ip_v4": "10.99.40.245",
                "fixed_ip_v6": "",
                "floating_ip": "",
                "mac": "fa:16:3e:53:a9:c1",
                "name": "VLAN40_DESCOB.HOSTS-teste",
                "port": "",
                "uuid": "fe4553b0-51ed-42fa-82af-8dd6934bee76"
              }
            ],
            "network_mode": null,
            "personality": [],
            "power_state": "active",
            "region": "RegionOne",
            "scheduler_hints": [],
            "security_groups": [
              "clear",
              "default"
            ],
            "stop_before_destroy": false,
            "tags": null,
            "timeouts": null,
            "updated": "2026-07-07 20:12:11 +0000 UTC",
            "user_data": null,
            "vendor_options": [],
            "volume": []
          },
          "sensitive_attributes": [
            [
              {
                "type": "get_attr",
                "value": "admin_pass"
              }
            ]
          ],
          "identity_schema_version": 0,
          "private": "eyJlMmJmYjczMC1lY2FhLTExZTYtOGY4OC0zNDM2M2JjN2M0YzAiOnsiY3JlYXRlIjoxODAwMDAwMDAwMDAwLCJkZWxldGUiOjE4MDAwMDAwMDAwMDAsInVwZGF0ZSI6MTgwMDAwMDAwMDAwMH19"
        },
        {
          "index_key": "vm4",
          "schema_version": 0,
          "attributes": {
            "access_ip_v4": "192.168.10.118",
            "access_ip_v6": "",
            "admin_pass": null,
            "all_metadata": {},
            "all_tags": [],
            "availability_zone": "nova",
            "availability_zone_hints": null,
            "block_device": [],
            "config_drive": null,
            "created": "2026-07-07 20:10:57 +0000 UTC",
            "flavor_id": "ac73a337-a746-4e7c-969f-4c6a3fa889dc",
            "flavor_name": "minor.pico.large",
            "floating_ip": null,
            "force_delete": false,
            "id": "db9b5918-189d-4f61-a425-dfa9f4df3b60",
            "image_id": "f7ca5526-1dc7-4207-adff-3178b7c5e581",
            "image_name": "Ubuntu 24.04",
            "key_pair": "labredes_key",
            "metadata": null,
            "name": "VM4",
            "network": [
              {
                "access_network": false,
                "fixed_ip_v4": "192.168.10.118",
                "fixed_ip_v6": "",
                "floating_ip": "",
                "mac": "fa:16:3e:5e:b4:61",
                "name": "labredes1",
                "port": "",
                "uuid": "2c1a23f8-031d-48ca-aaea-c453547a0fa5"
              },
              {
                "access_network": false,
                "fixed_ip_v4": "10.99.41.20",
                "fixed_ip_v6": "",
                "floating_ip": "",
                "mac": "fa:16:3e:b5:b2:9c",
                "name": "VLAN40_CAP.TRAF1-teste",
                "port": "",
                "uuid": "b6a7a0a7-11d9-4636-8500-e3bbf9a36d33"
              },
              {
                "access_network": false,
                "fixed_ip_v4": "10.99.42.6",
                "fixed_ip_v6": "",
                "floating_ip": "",
                "mac": "fa:16:3e:cc:7b:9e",
                "name": "VLAN40_CAP.TRAF2-teste",
                "port": "",
                "uuid": "226ed10a-537e-4bf5-8120-ee9353d9642d"
              },
              {
                "access_network": false,
                "fixed_ip_v4": "10.99.44.130",
                "fixed_ip_v6": "",
                "floating_ip": "",
                "mac": "fa:16:3e:f9:ed:44",
                "name": "VLAN40_CAPT_TRAFE-teste",
                "port": "",
                "uuid": "b7ca04c7-cdef-4403-846d-aee551267244"
              }
            ],
            "network_mode": null,
            "personality": [],
            "power_state": "active",
            "region": "RegionOne",
            "scheduler_hints": [],
            "security_groups": [
              "clear",
              "default"
            ],
            "stop_before_destroy": false,
            "tags": null,
            "timeouts": null,
            "updated": "2026-07-07 20:12:36 +0000 UTC",
            "user_data": null,
            "vendor_options": [],
            "volume": []
          },
          "sensitive_attributes": [
            [
              {
                "type": "get_attr",
                "value": "admin_pass"
              }
            ]
          ],
          "identity_schema_version": 0,
          "private": "eyJlMmJmYjczMC1lY2FhLTExZTYtOGY4OC0zNDM2M2JjN2M0YzAiOnsiY3JlYXRlIjoxODAwMDAwMDAwMDAwLCJkZWxldGUiOjE4MDAwMDAwMDAwMDAsInVwZGF0ZSI6MTgwMDAwMDAwMDAwMH19"
        },
        {
          "index_key": "vm6",
          "schema_version": 0,
          "attributes": {
            "access_ip_v4": "192.168.10.141",
            "access_ip_v6": "",
            "admin_pass": null,
            "all_metadata": {},
            "all_tags": [],
            "availability_zone": "nova",
            "availability_zone_hints": null,
            "block_device": [],
            "config_drive": null,
            "created": "2026-07-07 20:10:58 +0000 UTC",
            "flavor_id": "ac73a337-a746-4e7c-969f-4c6a3fa889dc",
            "flavor_name": "minor.pico.large",
            "floating_ip": null,
            "force_delete": false,
            "id": "b578a267-7479-48c8-b9ec-88106f4671cf",
            "image_id": "f7ca5526-1dc7-4207-adff-3178b7c5e581",
            "image_name": "Ubuntu 24.04",
            "key_pair": "labredes_key",
            "metadata": null,
            "name": "VM6",
            "network": [
              {
                "access_network": false,
                "fixed_ip_v4": "192.168.10.141",
                "fixed_ip_v6": "",
                "floating_ip": "",
                "mac": "fa:16:3e:13:dc:a0",
                "name": "labredes1",
                "port": "",
                "uuid": "2c1a23f8-031d-48ca-aaea-c453547a0fa5"
              },
              {
                "access_network": false,
                "fixed_ip_v4": "10.99.20.121",
                "fixed_ip_v6": "",
                "floating_ip": "",
                "mac": "fa:16:3e:87:ec:3c",
                "name": "VLAN20_SERVER-teste",
                "port": "",
                "uuid": "2aad7857-163c-4cb6-84b6-0bf5f1d0e952"
              }
            ],
            "network_mode": null,
            "personality": [],
            "power_state": "active",
            "region": "RegionOne",
            "scheduler_hints": [],
            "security_groups": [
              "clear",
              "default"
            ],
            "stop_before_destroy": false,
            "tags": null,
            "timeouts": null,
            "updated": "2026-07-07 20:11:57 +0000 UTC",
            "user_data": null,
            "vendor_options": [],
            "volume": []
          },
          "sensitive_attributes": [
            [
              {
                "type": "get_attr",
                "value": "admin_pass"
              }
            ]
          ],
          "identity_schema_version": 0,
          "private": "eyJlMmJmYjczMC1lY2FhLTExZTYtOGY4OC0zNDM2M2JjN2M0YzAiOnsiY3JlYXRlIjoxODAwMDAwMDAwMDAwLCJkZWxldGUiOjE4MDAwMDAwMDAwMDAsInVwZGF0ZSI6MTgwMDAwMDAwMDAwMH19"
        },
        {
          "index_key": "vm7",
          "schema_version": 0,
          "attributes": {
            "access_ip_v4": "192.168.10.142",
            "access_ip_v6": "",
            "admin_pass": null,
            "all_metadata": {},
            "all_tags": [],
            "availability_zone": "nova",
            "availability_zone_hints": null,
            "block_device": [],
            "config_drive": null,
            "created": "2026-07-07 20:10:58 +0000 UTC",
            "flavor_id": "ac73a337-a746-4e7c-969f-4c6a3fa889dc",
            "flavor_name": "minor.pico.large",
            "floating_ip": null,
            "force_delete": false,
            "id": "9bacec23-8c98-4a85-a04d-e5fccf5161d1",
            "image_id": "f7ca5526-1dc7-4207-adff-3178b7c5e581",
            "image_name": "Ubuntu 24.04",
            "key_pair": "labredes_key",
            "metadata": null,
            "name": "VM7",
            "network": [
              {
                "access_network": false,
                "fixed_ip_v4": "192.168.10.142",
                "fixed_ip_v6": "",
                "floating_ip": "",
                "mac": "fa:16:3e:94:da:fc",
                "name": "labredes1",
                "port": "",
                "uuid": "2c1a23f8-031d-48ca-aaea-c453547a0fa5"
              },
              {
                "access_network": false,
                "fixed_ip_v4": "10.99.43.207",
                "fixed_ip_v6": "",
                "floating_ip": "",
                "mac": "fa:16:3e:98:ec:40",
                "name": "VLAN40_SIST.ALERT.-teste",
                "port": "",
                "uuid": "d57c09a7-e212-4b27-a370-f5536c4356d7"
              }
            ],
            "network_mode": null,
            "personality": [],
            "power_state": "active",
            "region": "RegionOne",
            "scheduler_hints": [],
            "security_groups": [
              "clear",
              "default"
            ],
            "stop_before_destroy": false,
            "tags": null,
            "timeouts": null,
            "updated": "2026-07-07 20:12:00 +0000 UTC",
            "user_data": null,
            "vendor_options": [],
            "volume": []
          },
          "sensitive_attributes": [
            [
              {
                "type": "get_attr",
                "value": "admin_pass"
              }
            ]
          ],
          "identity_schema_version": 0,
          "private": "eyJlMmJmYjczMC1lY2FhLTExZTYtOGY4OC0zNDM2M2JjN2M0YzAiOnsiY3JlYXRlIjoxODAwMDAwMDAwMDAwLCJkZWxldGUiOjE4MDAwMDAwMDAwMDAsInVwZGF0ZSI6MTgwMDAwMDAwMDAwMH19"
        },
        {
          "index_key": "vm9",
          "schema_version": 0,
          "attributes": {
            "access_ip_v4": "192.168.10.150",
            "access_ip_v6": "",
            "admin_pass": null,
            "all_metadata": {},
            "all_tags": [],
            "availability_zone": "nova",
            "availability_zone_hints": null,
            "block_device": [],
            "config_drive": null,
            "created": "2026-07-07 20:10:57 +0000 UTC",
            "flavor_id": "ac73a337-a746-4e7c-969f-4c6a3fa889dc",
            "flavor_name": "minor.pico.large",
            "floating_ip": null,
            "force_delete": false,
            "id": "d3ae2e61-0cad-48af-a4d5-beabb55ba4ca",
            "image_id": "f7ca5526-1dc7-4207-adff-3178b7c5e581",
            "image_name": "Ubuntu 24.04",
            "key_pair": "labredes_key",
            "metadata": null,
            "name": "VM9",
            "network": [
              {
                "access_network": false,
                "fixed_ip_v4": "192.168.10.150",
                "fixed_ip_v6": "",
                "floating_ip": "",
                "mac": "fa:16:3e:fe:44:03",
                "name": "labredes1",
                "port": "",
                "uuid": "2c1a23f8-031d-48ca-aaea-c453547a0fa5"
              },
              {
                "access_network": false,
                "fixed_ip_v4": "10.99.10.98",
                "fixed_ip_v6": "",
                "floating_ip": "",
                "mac": "fa:16:3e:bc:89:10",
                "name": "VLAN10_AUTENTICACAO-teste",
                "port": "",
                "uuid": "d2305438-655c-42bc-86c1-412eac6021e8"
              }
            ],
            "network_mode": null,
            "personality": [],
            "power_state": "active",
            "region": "RegionOne",
            "scheduler_hints": [],
            "security_groups": [
              "clear",
              "default"
            ],
            "stop_before_destroy": false,
            "tags": null,
            "timeouts": null,
            "updated": "2026-07-07 20:12:14 +0000 UTC",
            "user_data": null,
            "vendor_options": [],
            "volume": []
          },
          "sensitive_attributes": [
            [
              {
                "type": "get_attr",
                "value": "admin_pass"
              }
            ]
          ],
          "identity_schema_version": 0,
          "private": "eyJlMmJmYjczMC1lY2FhLTExZTYtOGY4OC0zNDM2M2JjN2M0YzAiOnsiY3JlYXRlIjoxODAwMDAwMDAwMDAwLCJkZWxldGUiOjE4MDAwMDAwMDAwMDAsInVwZGF0ZSI6MTgwMDAwMDAwMDAwMH19"
        },
        {
          "index_key": "vm_dev",
          "schema_version": 0,
          "attributes": {
            "access_ip_v4": "192.168.10.191",
            "access_ip_v6": "",
            "admin_pass": null,
            "all_metadata": {},
            "all_tags": [],
            "availability_zone": "nova",
            "availability_zone_hints": null,
            "block_device": [],
            "config_drive": null,
            "created": "2026-07-07 20:12:11 +0000 UTC",
            "flavor_id": "ac73a337-a746-4e7c-969f-4c6a3fa889dc",
            "flavor_name": "minor.pico.large",
            "floating_ip": null,
            "force_delete": false,
            "id": "ad0dcccc-5d07-4130-8c43-78ebbbab61ba",
            "image_id": "f7ca5526-1dc7-4207-adff-3178b7c5e581",
            "image_name": "Ubuntu 24.04",
            "key_pair": "labredes_key",
            "metadata": null,
            "name": "VM_DEV",
            "network": [
              {
                "access_network": false,
                "fixed_ip_v4": "192.168.10.191",
                "fixed_ip_v6": "",
                "floating_ip": "",
                "mac": "fa:16:3e:da:e8:4d",
                "name": "labredes1",
                "port": "",
                "uuid": "2c1a23f8-031d-48ca-aaea-c453547a0fa5"
              },
              {
                "access_network": false,
                "fixed_ip_v4": "10.99.50.111",
                "fixed_ip_v6": "",
                "floating_ip": "",
                "mac": "fa:16:3e:b2:15:62",
                "name": "VLAN50_DEV-teste",
                "port": "",
                "uuid": "44d4f83a-7010-4e53-9521-3109bcd9dab0"
              }
            ],
            "network_mode": null,
            "personality": [],
            "power_state": "active",
            "region": "RegionOne",
            "scheduler_hints": [],
            "security_groups": [
              "clear",
              "default"
            ],
            "stop_before_destroy": false,
            "tags": null,
            "timeouts": null,
            "updated": "2026-07-07 20:13:04 +0000 UTC",
            "user_data": null,
            "vendor_options": [],
            "volume": []
          },
          "sensitive_attributes": [
            [
              {
                "type": "get_attr",
                "value": "admin_pass"
              }
            ]
          ],
          "identity_schema_version": 0,
          "private": "eyJlMmJmYjczMC1lY2FhLTExZTYtOGY4OC0zNDM2M2JjN2M0YzAiOnsiY3JlYXRlIjoxODAwMDAwMDAwMDAwLCJkZWxldGUiOjE4MDAwMDAwMDAwMDAsInVwZGF0ZSI6MTgwMDAwMDAwMDAwMH19"
        },
        {
          "index_key": "vm_user1",
          "schema_version": 0,
          "attributes": {
            "access_ip_v4": "192.168.10.116",
            "access_ip_v6": "",
            "admin_pass": null,
            "all_metadata": {},
            "all_tags": [],
            "availability_zone": "nova",
            "availability_zone_hints": null,
            "block_device": [],
            "config_drive": null,
            "created": "2026-07-07 20:12:00 +0000 UTC",
            "flavor_id": "ac73a337-a746-4e7c-969f-4c6a3fa889dc",
            "flavor_name": "minor.pico.large",
            "floating_ip": null,
            "force_delete": false,
            "id": "c16a0a1b-ff05-4044-b7f1-6633d6acddbb",
            "image_id": "f7ca5526-1dc7-4207-adff-3178b7c5e581",
            "image_name": "Ubuntu 24.04",
            "key_pair": "labredes_key",
            "metadata": null,
            "name": "VM_USER1",
            "network": [
              {
                "access_network": false,
                "fixed_ip_v4": "192.168.10.116",
                "fixed_ip_v6": "",
                "floating_ip": "",
                "mac": "fa:16:3e:c3:ec:8e",
                "name": "labredes1",
                "port": "",
                "uuid": "2c1a23f8-031d-48ca-aaea-c453547a0fa5"
              },
              {
                "access_network": false,
                "fixed_ip_v4": "10.99.60.121",
                "fixed_ip_v6": "",
                "floating_ip": "",
                "mac": "fa:16:3e:6f:78:3e",
                "name": "VLAN60_USER-teste",
                "port": "",
                "uuid": "f0d7e928-56e1-4dd5-95d4-5a4ba6c24e4a"
              }
            ],
            "network_mode": null,
            "personality": [],
            "power_state": "active",
            "region": "RegionOne",
            "scheduler_hints": [],
            "security_groups": [
              "clear",
              "default"
            ],
            "stop_before_destroy": false,
            "tags": null,
            "timeouts": null,
            "updated": "2026-07-07 20:13:24 +0000 UTC",
            "user_data": null,
            "vendor_options": [],
            "volume": []
          },
          "sensitive_attributes": [
            [
              {
                "type": "get_attr",
                "value": "admin_pass"
              }
            ]
          ],
          "identity_schema_version": 0,
          "private": "eyJlMmJmYjczMC1lY2FhLTExZTYtOGY4OC0zNDM2M2JjN2M0YzAiOnsiY3JlYXRlIjoxODAwMDAwMDAwMDAwLCJkZWxldGUiOjE4MDAwMDAwMDAwMDAsInVwZGF0ZSI6MTgwMDAwMDAwMDAwMH19"
        },
        {
          "index_key": "vm_user2",
          "schema_version": 0,
          "attributes": {
            "access_ip_v4": "192.168.10.160",
            "access_ip_v6": "",
            "admin_pass": null,
            "all_metadata": {},
            "all_tags": [],
            "availability_zone": "nova",
            "availability_zone_hints": null,
            "block_device": [],
            "config_drive": null,
            "created": "2026-07-07 20:10:56 +0000 UTC",
            "flavor_id": "ac73a337-a746-4e7c-969f-4c6a3fa889dc",
            "flavor_name": "minor.pico.large",
            "floating_ip": null,
            "force_delete": false,
            "id": "22bf0788-f2d1-4c03-ad17-228baa9bc93d",
            "image_id": "f7ca5526-1dc7-4207-adff-3178b7c5e581",
            "image_name": "Ubuntu 24.04",
            "key_pair": "labredes_key",
            "metadata": null,
            "name": "VM_USER2",
            "network": [
              {
                "access_network": false,
                "fixed_ip_v4": "192.168.10.160",
                "fixed_ip_v6": "",
                "floating_ip": "",
                "mac": "fa:16:3e:d5:81:09",
                "name": "labredes1",
                "port": "",
                "uuid": "2c1a23f8-031d-48ca-aaea-c453547a0fa5"
              },
              {
                "access_network": false,
                "fixed_ip_v4": "10.99.60.28",
                "fixed_ip_v6": "",
                "floating_ip": "",
                "mac": "fa:16:3e:bd:f7:6d",
                "name": "VLAN60_USER-teste",
                "port": "",
                "uuid": "f0d7e928-56e1-4dd5-95d4-5a4ba6c24e4a"
              }
            ],
            "network_mode": null,
            "personality": [],
            "power_state": "active",
            "region": "RegionOne",
            "scheduler_hints": [],
            "security_groups": [
              "clear",
              "default"
            ],
            "stop_before_destroy": false,
            "tags": null,
            "timeouts": null,
            "updated": "2026-07-07 20:12:30 +0000 UTC",
            "user_data": null,
            "vendor_options": [],
            "volume": []
          },
          "sensitive_attributes": [
            [
              {
                "type": "get_attr",
                "value": "admin_pass"
              }
            ]
          ],
          "identity_schema_version": 0,
          "private": "eyJlMmJmYjczMC1lY2FhLTExZTYtOGY4OC0zNDM2M2JjN2M0YzAiOnsiY3JlYXRlIjoxODAwMDAwMDAwMDAwLCJkZWxldGUiOjE4MDAwMDAwMDAwMDAsInVwZGF0ZSI6MTgwMDAwMDAwMDAwMH19"
        }
      ]
    }
  ],
  "check_results": null
}
